<?xml version="1.0" encoding="utf-8"?>
<Project ToolsVersion="4.0" xmlns="http://schemas.microsoft.com/developer/msbuild/2003">
  <ItemGroup>
    <Filter Include="소스 파일">
      <UniqueIdentifier>{4FC737F1-C7A5-4376-A066-2A32D752A2FF}</UniqueIdentifier>
      <Extensions>cpp;c;cc;cxx;def;odl;idl;hpj;bat;asm;asmx</Extensions>
    </Filter>
    <Filter Include="헤더 파일">
      <UniqueIdentifier>{93995380-89BD-4b04-88EB-625FBE52EBFB}</UniqueIdentifier>
      <Extensions>h;hh;hpp;hxx;hm;inl;inc;xsd</Extensions>
    </Filter>
    <Filter Include="리소스 파일">
      <UniqueIdentifier>{67DA6AB6-F800-4c08-8B7A-83BB121AAD01}</UniqueIdentifier>
      <Extensions>rc;ico;cur;bmp;dlg;rc2;rct;bin;rgs;gif;jpg;jpeg;jpe;resx;tiff;tif;png;wav;mfcribbon-ms</Extensions>
    </Filter>
    <Filter Include="소스 파일\BMS">
      <UniqueIdentifier>{9b4d48c4-c69c-43bd-b360-869ab68748ee}</UniqueIdentifier>
    </Filter>
    <Filter Include="헤더 파일\BMS">
      <UniqueIdentifier>{a68ac0a2-8ce4-4f75-aded-a4db3a21b771}</UniqueIdentifier>
    </Filter>
    <Filter Include="소스 파일\client">
      <UniqueIdentifier>{8dfd28e0-fa02-4dcb-9dab-1378198bbab5}</UniqueIdentifier>
    </Filter>
    <Filter Include="소스 파일\client\impl">
      <UniqueIdentifier>{7c1f5568-4b7f-4722-8e90-0fa999031480}</UniqueIdentifier>
    </Filter>
    <Filter Include="헤더 파일\gfx">
      <UniqueIdentifier>{7d0c5150-7fd3-47fc-b58d-447b024dffe9}</UniqueIdentifier>
    </Filter>
    <Filter Include="소스 파일\gfx">
      <UniqueIdentifier>{72f041ce-8c12-4ae2-ac92-ddf16d9ad996}</UniqueIdentifier>
    </Filter>
    <Filter Include="shaders">
      <UniqueIdentifier>{c60277c4-7871-4ea4-a10d-d96baf9259ec}</UniqueIdentifier>
    </Filter>
    <Filter Include="소스 파일\managers">
      <UniqueIdentifier>{512f747d-8dc8-44af-a1da-34641da5eb7f}</UniqueIdentifier>
    </Filter>
    <Filter Include="헤더 파일\common">
      <UniqueIdentifier>{b39eacfa-5fb9-4e79-b9a1-6846faab0ce3}</UniqueIdentifier>
    </Filter>
    <Filter Include="헤더 파일\managers">
      <UniqueIdentifier>{01487df3-e8f9-4067-b0a9-f54fcceb2df1}</UniqueIdentifier>
    </Filter>
    <Filter Include="헤더 파일\sfx">
      <UniqueIdentifier>{e1ad1cb3-d666-4676-a7a7-089ca8d5d116}</UniqueIdentifier>
    </Filter>
    <Filter Include="소스 파일\sfx">
      <UniqueIdentifier>{43ab49ba-4551-4622-b5e5-89e404a2fe20}</UniqueIdentifier>
    </Filter>
    <Filter Include="헤더 파일\Game">
      <UniqueIdentifier>{31de2c73-09dd-4b30-b45f-12fd3e52376e}</UniqueIdentifier>
    </Filter>
    <Filter Include="소스 파일\Game">
      <UniqueIdentifier>{57c57f89-a22e-4d0e-86db-c653b05a741a}</UniqueIdentifier>
    </Filter>
  </ItemGroup>
  <ItemGroup>
    <ClInclude Include="stdafx.h">
      <Filter>헤더 파일</Filter>
    </ClInclude>
    <ClInclude Include="BMS\BMS.h">
      <Filter>헤더 파일\BMS</Filter>
    </ClInclude>
    <ClInclude Include="BMS\BMSNode.h">
      <Filter>헤더 파일\BMS</Filter>
    </ClInclude>
    <ClInclude Include="BMS\BMSParser.h">
      <Filter>헤더 파일\BMS</Filter>
    </ClInclude>
    <ClInclude Include="gfx\gfxObject.h">
      <Filter>헤더 파일\gfx</Filter>
    </ClInclude>
    <ClInclude Include="gfx\gfxSprite.h">
      <Filter>헤더 파일\gfx</Filter>
    </ClInclude>
    <ClInclude Include="gfx\gfxScene.h">
      <Filter>헤더 파일\gfx</Filter>
    </ClInclude>
    <ClInclude Include="managers\ResourceManager.h">
      <Filter>헤더 파일\managers</Filter>
    </ClInclude>
    <ClInclude Include="common\Singleton.h">
      <Filter>헤더 파일\common</Filter>
    </ClInclude>
    <ClInclude Include="gfx\gfxGlobal.h">
      <Filter>헤더 파일\gfx</Filter>
    </ClInclude>
    <ClInclude Include="gfx\gfxPanel.h">
      <Filter>헤더 파일\gfx</Filter>
    </ClInclude>
    <ClInclude Include="sfx\sfxSound.h">
      <Filter>헤더 파일\sfx</Filter>
    </ClInclude>
    <ClInclude Include="sfx\sfxGlobal.h">
      <Filter>헤더 파일\sfx</Filter>
    </ClInclude>
    <ClInclude Include="Game\PlayScene.h">
      <Filter>헤더 파일\Game</Filter>
    </ClInclude>
    <ClInclude Include="BMS\BMSPlayer.h">
      <Filter>헤더 파일\BMS</Filter>
    </ClInclude>
    <ClInclude Include="managers\InputManager.h">
      <Filter>헤더 파일\managers</Filter>
    </ClInclude>
    <ClInclude Include="gfx\gfxFont.h">
      <Filter>헤더 파일\gfx</Filter>
    </ClInclude>
    <ClInclude Include="gfx\gfxString.h">
      <Filter>헤더 파일\gfx</Filter>
    </ClInclude>
    <ClInclude Include="Game\testScene.h">
      <Filter>헤더 파일\Game</Filter>
    </ClInclude>
    <ClInclude Include="Game\ListScene.h">
      <Filter>헤더 파일\Game</Filter>
    </ClInclude>
    <ClInclude Include="managers\GlobalManager.h">
      <Filter>헤더 파일\managers</Filter>
    </ClInclude>
  </ItemGroup>
  <ItemGroup>
    <ClCompile Include="BMS\BMS.cpp">
      <Filter>소스 파일\BMS</Filter>
    </ClCompile>
    <ClCompile Include="BMS\BMSParser.cpp">
      <Filter>소스 파일\BMS</Filter>
    </ClCompile>
    <ClCompile Include="BMS\BMSNode.cpp">
      <Filter>소스 파일\BMS</Filter>
    </ClCompile>
    <ClCompile Include="client\client.cpp">
      <Filter>소스 파일\client</Filter>
    </ClCompile>
    <ClCompile Include="client\impl\winmain.cpp">
      <Filter>소스 파일\client\impl</Filter>
    </ClCompile>
    <ClCompile Include="gfx\gfxObject.cpp">
      <Filter>소스 파일\gfx</Filter>
    </ClCompile>
    <ClCompile Include="gfx\gfxSprite.cpp">
      <Filter>소스 파일\gfx</Filter>
    </ClCompile>
    <ClCompile Include="gfx\gfxScene.cpp">
      <Filter>소스 파일\gfx</Filter>
    </ClCompile>
    <ClCompile Include="managers\ResourceManager.cpp">
      <Filter>소스 파일\managers</Filter>
    </ClCompile>
    <ClCompile Include="gfx\gfxGlobal.cpp">
      <Filter>소스 파일\gfx</Filter>
    </ClCompile>
    <ClCompile Include="gfx\gfxPanel.cpp">
      <Filter>소스 파일\gfx</Filter>
    </ClCompile>
    <ClCompile Include="sfx\sfxSound.cpp">
      <Filter>소스 파일\sfx</Filter>
    </ClCompile>
    <ClCompile Include="sfx\sfxGlobal.cpp">
      <Filter>소스 파일\sfx</Filter>
    </ClCompile>
    <ClCompile Include="Game\PlayScene.cpp">
      <Filter>소스 파일\Game</Filter>
    </ClCompile>
    <ClCompile Include="BMS\BMSPlayer.cpp">
      <Filter>소스 파일\BMS</Filter>
    </ClCompile>
    <ClCompile Include="managers\InputManager.cpp">
      <Filter>소스 파일\managers</Filter>
    </ClCompile>
    <ClCompile Include="gfx\gfxFont.cpp">
      <Filter>소스 파일\gfx</Filter>
    </ClCompile>
    <ClCompile Include="gfx\gfxString.cpp">
      <Filter>소스 파일\gfx</Filter>
    </ClCompile>
    <ClCompile Include="Game\testScene.cpp">
      <Filter>소스 파일\Game</Filter>
    </ClCompile>
    <ClCompile Include="Game\ListScene.cpp">
      <Filter>소스 파일\Game</Filter>
    </ClCompile>
    <ClCompile Include="managers\GlobalManager.cpp">
      <Filter>소스 파일\managers</Filter>
    </ClCompile>
  </ItemGroup>
  <ItemGroup>
    <None Include="shaders\vertex_shader.shader">
      <Filter>shaders</Filter>
    </None>
    <None Include="shaders\fragment_shader.shader">
      <Filter>shaders</Filter>
    </None>
    <None Include="shaders\font_fragment_shader.shader">
      <Filter>shaders</Filter>
    </None>
    <None Include="shaders\bga_layer_fragment_shader.shader">
      <Filter>shaders</Filter>
    </None>
  </ItemGroup>
</Project>